
Microsoft Visual Studio Solution File, Format Version 12.00
# Visual Studio Version 16
VisualStudioVersion = 16.0.30804.86
MinimumVisualStudioVersion = 10.0.40219.1
Project("{FAE04EC0-301F-11D3-BF4B-00C04F79EFBC}") = "WorldSkills", "WorldSkills\WorldSkills.csproj", "{A3D57C41-7764-4E4D-BB3D-17F7B4365992}"
EndProject
Global
	GlobalSection(SolutionConfigurationPlatforms) = preSolution
		Debug|Any CPU = Debug|Any CPU
		Release|Any CPU = Release|Any CPU
	EndGlobalSection
	GlobalSection(ProjectConfigurationPlatforms) = postSolution
		{A3D57C41-7764-4E4D-BB3D-17F7B4365992}.Debug|Any CPU.ActiveCfg = Debug|Any CPU
		{A3D57C41-7764-4E4D-BB3D-17F7B4365992}.Debug|Any CPU.Build.0 = Debug|Any CPU
		{A3D57C41-7764-4E4D-BB3D-17F7B4365992}.Release|Any CPU.ActiveCfg = Release|Any CPU
		{A3D57C41-7764-4E4D-BB3D-17F7B4365992}.Release|Any CPU.Build.0 = Release|Any CPU
	EndGlobalSection
	GlobalSection(SolutionProperties) = preSolution
		HideSolutionNode = FALSE
	EndGlobalSection
	GlobalSection(ExtensibilityGlobals) = postSolution
		SolutionGuid = {F237AFED-FBE8-4641-B690-B16DD935160B}
	EndGlobalSection
EndGlobal
